
Microsoft Visual Studio Solution File, Format Version 12.00
Project("{2150E333-8FDC-42A3-9474-1A3956D46DE8}") = "src", "src", "{605DC401-2618-41FA-8457-638840A8F3EB}"
EndProject
Project("{2150E333-8FDC-42A3-9474-1A3956D46DE8}") = "Core", "Core", "{D627F70F-EA9E-4141-8BE3-08704ECDEECB}"
EndProject
Project("{2150E333-8FDC-42A3-9474-1A3956D46DE8}") = "Infrastructure", "Infrastructure", "{02F34E3D-93A1-4E0B-ABFB-3AEB99B7AEE9}"
EndProject
Project("{2150E333-8FDC-42A3-9474-1A3956D46DE8}") = "Presentation", "Presentation", "{050A5AAB-9B6F-459D-B1F0-9ACD90DDF845}"
EndProject
Project("{FAE04EC0-301F-11D3-BF4B-00C04F79EFBC}") = "Memo4me.API", "src\Presentation\Memo4me.API\Memo4me.API.csproj", "{6524D963-17C2-4C12-A0DB-0EEE9C73DA39}"
EndProject
Project("{FAE04EC0-301F-11D3-BF4B-00C04F79EFBC}") = "Memo4me.Application", "src\Core\Memo4me.Application\Memo4me.Application.csproj", "{3DC8CAD9-E830-4CB3-9247-ACAEB2A48091}"
EndProject
Project("{FAE04EC0-301F-11D3-BF4B-00C04F79EFBC}") = "Memo4me.Domain", "src\Core\Memo4me.Domain\Memo4me.Domain.csproj", "{49A9E47C-A937-45DF-AFAD-A29A04D8E3A5}"
EndProject
Project("{FAE04EC0-301F-11D3-BF4B-00C04F79EFBC}") = "Memo4me.UI", "src\Presentation\Memo4me.UI\Memo4me.UI.csproj", "{8FE88532-5DE3-46CE-A6F6-A0CD98D2C1A7}"
EndProject
Project("{FAE04EC0-301F-11D3-BF4B-00C04F79EFBC}") = "Memo4me.Persistence", "src\Infrastructure\Memo4me.Persistence\Memo4me.Persistence.csproj", "{165ACD63-266D-4D2B-9FD0-26CCFBCABA4F}"
EndProject
Global
	GlobalSection(SolutionConfigurationPlatforms) = preSolution
		Debug|Any CPU = Debug|Any CPU
		Release|Any CPU = Release|Any CPU
	EndGlobalSection
	GlobalSection(NestedProjects) = preSolution
		{D627F70F-EA9E-4141-8BE3-08704ECDEECB} = {605DC401-2618-41FA-8457-638840A8F3EB}
		{02F34E3D-93A1-4E0B-ABFB-3AEB99B7AEE9} = {605DC401-2618-41FA-8457-638840A8F3EB}
		{050A5AAB-9B6F-459D-B1F0-9ACD90DDF845} = {605DC401-2618-41FA-8457-638840A8F3EB}
		{6524D963-17C2-4C12-A0DB-0EEE9C73DA39} = {050A5AAB-9B6F-459D-B1F0-9ACD90DDF845}
		{3DC8CAD9-E830-4CB3-9247-ACAEB2A48091} = {D627F70F-EA9E-4141-8BE3-08704ECDEECB}
		{49A9E47C-A937-45DF-AFAD-A29A04D8E3A5} = {D627F70F-EA9E-4141-8BE3-08704ECDEECB}
		{8FE88532-5DE3-46CE-A6F6-A0CD98D2C1A7} = {050A5AAB-9B6F-459D-B1F0-9ACD90DDF845}
		{165ACD63-266D-4D2B-9FD0-26CCFBCABA4F} = {02F34E3D-93A1-4E0B-ABFB-3AEB99B7AEE9}
	EndGlobalSection
	GlobalSection(ProjectConfigurationPlatforms) = postSolution
		{6524D963-17C2-4C12-A0DB-0EEE9C73DA39}.Debug|Any CPU.ActiveCfg = Debug|Any CPU
		{6524D963-17C2-4C12-A0DB-0EEE9C73DA39}.Debug|Any CPU.Build.0 = Debug|Any CPU
		{6524D963-17C2-4C12-A0DB-0EEE9C73DA39}.Release|Any CPU.ActiveCfg = Release|Any CPU
		{6524D963-17C2-4C12-A0DB-0EEE9C73DA39}.Release|Any CPU.Build.0 = Release|Any CPU
		{3DC8CAD9-E830-4CB3-9247-ACAEB2A48091}.Debug|Any CPU.ActiveCfg = Debug|Any CPU
		{3DC8CAD9-E830-4CB3-9247-ACAEB2A48091}.Debug|Any CPU.Build.0 = Debug|Any CPU
		{3DC8CAD9-E830-4CB3-9247-ACAEB2A48091}.Release|Any CPU.ActiveCfg = Release|Any CPU
		{3DC8CAD9-E830-4CB3-9247-ACAEB2A48091}.Release|Any CPU.Build.0 = Release|Any CPU
		{49A9E47C-A937-45DF-AFAD-A29A04D8E3A5}.Debug|Any CPU.ActiveCfg = Debug|Any CPU
		{49A9E47C-A937-45DF-AFAD-A29A04D8E3A5}.Debug|Any CPU.Build.0 = Debug|Any CPU
		{49A9E47C-A937-45DF-AFAD-A29A04D8E3A5}.Release|Any CPU.ActiveCfg = Release|Any CPU
		{49A9E47C-A937-45DF-AFAD-A29A04D8E3A5}.Release|Any CPU.Build.0 = Release|Any CPU
		{8FE88532-5DE3-46CE-A6F6-A0CD98D2C1A7}.Debug|Any CPU.ActiveCfg = Debug|Any CPU
		{8FE88532-5DE3-46CE-A6F6-A0CD98D2C1A7}.Debug|Any CPU.Build.0 = Debug|Any CPU
		{8FE88532-5DE3-46CE-A6F6-A0CD98D2C1A7}.Release|Any CPU.ActiveCfg = Release|Any CPU
		{8FE88532-5DE3-46CE-A6F6-A0CD98D2C1A7}.Release|Any CPU.Build.0 = Release|Any CPU
		{165ACD63-266D-4D2B-9FD0-26CCFBCABA4F}.Debug|Any CPU.ActiveCfg = Debug|Any CPU
		{165ACD63-266D-4D2B-9FD0-26CCFBCABA4F}.Debug|Any CPU.Build.0 = Debug|Any CPU
		{165ACD63-266D-4D2B-9FD0-26CCFBCABA4F}.Release|Any CPU.ActiveCfg = Release|Any CPU
		{165ACD63-266D-4D2B-9FD0-26CCFBCABA4F}.Release|Any CPU.Build.0 = Release|Any CPU
	EndGlobalSection
EndGlobal
